
Microsoft Visual Studio Solution File, Format Version 12.00
# Visual Studio Version 16
VisualStudioVersion = 16.0.30911.76
MinimumVisualStudioVersion = 10.0.40219.1
Project("{FAE04EC0-301F-11D3-BF4B-00C04F79EFBC}") = "WebApplication4", "WebApplication4\WebApplication4.csproj", "{26854F23-498F-493C-9048-746BE7E49E4D}"
EndProject
Global
	GlobalSection(SolutionConfigurationPlatforms) = preSolution
		Debug|Any CPU = Debug|Any CPU
		Release|Any CPU = Release|Any CPU
	EndGlobalSection
	GlobalSection(ProjectConfigurationPlatforms) = postSolution
		{26854F23-498F-493C-9048-746BE7E49E4D}.Debug|Any CPU.ActiveCfg = Debug|Any CPU
		{26854F23-498F-493C-9048-746BE7E49E4D}.Debug|Any CPU.Build.0 = Debug|Any CPU
		{26854F23-498F-493C-9048-746BE7E49E4D}.Release|Any CPU.ActiveCfg = Release|Any CPU
		{26854F23-498F-493C-9048-746BE7E49E4D}.Release|Any CPU.Build.0 = Release|Any CPU
	EndGlobalSection
	GlobalSection(SolutionProperties) = preSolution
		HideSolutionNode = FALSE
	EndGlobalSection
	GlobalSection(ExtensibilityGlobals) = postSolution
		SolutionGuid = {BE11566A-2700-4EF9-81F3-0DC35E9CE37D}
	EndGlobalSection
EndGlobal
